// !$*UTF8*$!
{
	archiveVersion = 1;
	classes = {
	};
	objectVersion = 45;
	objects = {

/* Begin PBXBuildFile section */
		1D3623EC0D0F72F000981E51 /* CoreGraphics.framework in Frameworks */ = {isa = PBXBuildFile; fileRef = 1D3623EB0D0F72F000981E51 /* CoreGraphics.framework */; };
		1D60589F0D05DD5A006BFB54 /* Foundation.framework in Frameworks */ = {isa = PBXBuildFile; fileRef = 1D30AB110D05D00D00671497 /* Foundation.framework */; };
		1DF5F4E00D08C38300B7A737 /* UIKit.framework in Frameworks */ = {isa = PBXBuildFile; fileRef = 1DF5F4DF0D08C38300B7A737 /* UIKit.framework */; };
		FD9C404C0E0F3365008E2729 /* be_aas_bspq3.c in Sources */ = {isa = PBXBuildFile; fileRef = FD9C40300E0F3365008E2729 /* be_aas_bspq3.c */; };
		FD9C404D0E0F3365008E2729 /* be_aas_cluster.c in Sources */ = {isa = PBXBuildFile; fileRef = FD9C40310E0F3365008E2729 /* be_aas_cluster.c */; };
		FD9C404E0E0F3365008E2729 /* be_aas_debug.c in Sources */ = {isa = PBXBuildFile; fileRef = FD9C40320E0F3365008E2729 /* be_aas_debug.c */; };
		FD9C404F0E0F3365008E2729 /* be_aas_entity.c in Sources */ = {isa = PBXBuildFile; fileRef = FD9C40330E0F3365008E2729 /* be_aas_entity.c */; };
		FD9C40500E0F3365008E2729 /* be_aas_file.c in Sources */ = {isa = PBXBuildFile; fileRef = FD9C40340E0F3365008E2729 /* be_aas_file.c */; };
		FD9C40510E0F3365008E2729 /* be_aas_main.c in Sources */ = {isa = PBXBuildFile; fileRef = FD9C40350E0F3365008E2729 /* be_aas_main.c */; };
		FD9C40520E0F3365008E2729 /* be_aas_move.c in Sources */ = {isa = PBXBuildFile; fileRef = FD9C40360E0F3365008E2729 /* be_aas_move.c */; };
		FD9C40530E0F3365008E2729 /* be_aas_optimize.c in Sources */ = {isa = PBXBuildFile; fileRef = FD9C40370E0F3365008E2729 /* be_aas_optimize.c */; };
		FD9C40540E0F3365008E2729 /* be_aas_reach.c in Sources */ = {isa = PBXBuildFile; fileRef = FD9C40380E0F3365008E2729 /* be_aas_reach.c */; };
		FD9C40550E0F3365008E2729 /* be_aas_route.c in Sources */ = {isa = PBXBuildFile; fileRef = FD9C40390E0F3365008E2729 /* be_aas_route.c */; };
		FD9C40560E0F3365008E2729 /* be_aas_routealt.c in Sources */ = {isa = PBXBuildFile; fileRef = FD9C403A0E0F3365008E2729 /* be_aas_routealt.c */; };
		FD9C40570E0F3365008E2729 /* be_aas_sample.c in Sources */ = {isa = PBXBuildFile; fileRef = FD9C403B0E0F3365008E2729 /* be_aas_sample.c */; };
		FD9C40580E0F3365008E2729 /* be_ai_char.c in Sources */ = {isa = PBXBuildFile; fileRef = FD9C403C0E0F3365008E2729 /* be_ai_char.c */; };
		FD9C40590E0F3365008E2729 /* be_ai_chat.c in Sources */ = {isa = PBXBuildFile; fileRef = FD9C403D0E0F3365008E2729 /* be_ai_chat.c */; };
		FD9C405A0E0F3365008E2729 /* be_ai_gen.c in Sources */ = {isa = PBXBuildFile; fileRef = FD9C403E0E0F3365008E2729 /* be_ai_gen.c */; };
		FD9C405B0E0F3365008E2729 /* be_ai_goal.c in Sources */ = {isa = PBXBuildFile; fileRef = FD9C403F0E0F3365008E2729 /* be_ai_goal.c */; };
		FD9C405C0E0F3365008E2729 /* be_ai_move.c in Sources */ = {isa = PBXBuildFile; fileRef = FD9C40400E0F3365008E2729 /* be_ai_move.c */; };
		FD9C405D0E0F3365008E2729 /* be_ai_weap.c in Sources */ = {isa = PBXBuildFile; fileRef = FD9C40410E0F3365008E2729 /* be_ai_weap.c */; };
		FD9C405E0E0F3365008E2729 /* be_ai_weight.c in Sources */ = {isa = PBXBuildFile; fileRef = FD9C40420E0F3365008E2729 /* be_ai_weight.c */; };
		FD9C405F0E0F3365008E2729 /* be_ea.c in Sources */ = {isa = PBXBuildFile; fileRef = FD9C40430E0F3365008E2729 /* be_ea.c */; };
		FD9C40600E0F3365008E2729 /* be_interface.c in Sources */ = {isa = PBXBuildFile; fileRef = FD9C40440E0F3365008E2729 /* be_interface.c */; };
		FD9C40610E0F3365008E2729 /* l_crc.c in Sources */ = {isa = PBXBuildFile; fileRef = FD9C40450E0F3365008E2729 /* l_crc.c */; };
		FD9C40620E0F3365008E2729 /* l_libvar.c in Sources */ = {isa = PBXBuildFile; fileRef = FD9C40460E0F3365008E2729 /* l_libvar.c */; };
		FD9C40630E0F3365008E2729 /* l_log.c in Sources */ = {isa = PBXBuildFile; fileRef = FD9C40470E0F3365008E2729 /* l_log.c */; };
		FD9C40640E0F3365008E2729 /* l_memory.c in Sources */ = {isa = PBXBuildFile; fileRef = FD9C40480E0F3365008E2729 /* l_memory.c */; };
		FD9C40650E0F3365008E2729 /* l_precomp.c in Sources */ = {isa = PBXBuildFile; fileRef = FD9C40490E0F3365008E2729 /* l_precomp.c */; };
		FD9C40660E0F3365008E2729 /* l_script.c in Sources */ = {isa = PBXBuildFile; fileRef = FD9C404A0E0F3365008E2729 /* l_script.c */; };
		FD9C40670E0F3365008E2729 /* l_struct.c in Sources */ = {isa = PBXBuildFile; fileRef = FD9C404B0E0F3365008E2729 /* l_struct.c */; };
		FD9C408C0E0F3417008E2729 /* jcapimin.c in Sources */ = {isa = PBXBuildFile; fileRef = FD9C40690E0F3417008E2729 /* jcapimin.c */; };
		FD9C408D0E0F3417008E2729 /* jccoefct.c in Sources */ = {isa = PBXBuildFile; fileRef = FD9C406A0E0F3417008E2729 /* jccoefct.c */; };
		FD9C408E0E0F3417008E2729 /* jccolor.c in Sources */ = {isa = PBXBuildFile; fileRef = FD9C406B0E0F3417008E2729 /* jccolor.c */; };
		FD9C408F0E0F3417008E2729 /* jcdctmgr.c in Sources */ = {isa = PBXBuildFile; fileRef = FD9C406C0E0F3417008E2729 /* jcdctmgr.c */; };
		FD9C40900E0F3417008E2729 /* jchuff.c in Sources */ = {isa = PBXBuildFile; fileRef = FD9C406D0E0F3417008E2729 /* jchuff.c */; };
		FD9C40910E0F3417008E2729 /* jcinit.c in Sources */ = {isa = PBXBuildFile; fileRef = FD9C406E0E0F3417008E2729 /* jcinit.c */; };
		FD9C40920E0F3417008E2729 /* jcmainct.c in Sources */ = {isa = PBXBuildFile; fileRef = FD9C406F0E0F3417008E2729 /* jcmainct.c */; };
		FD9C40930E0F3417008E2729 /* jcmarker.c in Sources */ = {isa = PBXBuildFile; fileRef = FD9C40700E0F3417008E2729 /* jcmarker.c */; };
		FD9C40940E0F3417008E2729 /* jcmaster.c in Sources */ = {isa = PBXBuildFile; fileRef = FD9C40710E0F3417008E2729 /* jcmaster.c */; };
		FD9C40950E0F3417008E2729 /* jcomapi.c in Sources */ = {isa = PBXBuildFile; fileRef = FD9C40720E0F3417008E2729 /* jcomapi.c */; };
		FD9C40960E0F3417008E2729 /* jcparam.c in Sources */ = {isa = PBXBuildFile; fileRef = FD9C40730E0F3417008E2729 /* jcparam.c */; };
		FD9C40970E0F3417008E2729 /* jcphuff.c in Sources */ = {isa = PBXBuildFile; fileRef = FD9C40740E0F3417008E2729 /* jcphuff.c */; };
		FD9C40980E0F3417008E2729 /* jcprepct.c in Sources */ = {isa = PBXBuildFile; fileRef = FD9C40750E0F3417008E2729 /* jcprepct.c */; };
		FD9C40990E0F3417008E2729 /* jcsample.c in Sources */ = {isa = PBXBuildFile; fileRef = FD9C40760E0F3417008E2729 /* jcsample.c */; };
		FD9C409A0E0F3417008E2729 /* jctrans.c in Sources */ = {isa = PBXBuildFile; fileRef = FD9C40770E0F3417008E2729 /* jctrans.c */; };
		FD9C409B0E0F3417008E2729 /* jdapimin.c in Sources */ = {isa = PBXBuildFile; fileRef = FD9C40780E0F3417008E2729 /* jdapimin.c */; };
		FD9C409C0E0F3417008E2729 /* jdapistd.c in Sources */ = {isa = PBXBuildFile; fileRef = FD9C40790E0F3417008E2729 /* jdapistd.c */; };
		FD9C409D0E0F3417008E2729 /* jdatadst.c in Sources */ = {isa = PBXBuildFile; fileRef = FD9C407A0E0F3417008E2729 /* jdatadst.c */; };
		FD9C409E0E0F3417008E2729 /* jdatasrc.c in Sources */ = {isa = PBXBuildFile; fileRef = FD9C407B0E0F3417008E2729 /* jdatasrc.c */; };
		FD9C409F0E0F3417008E2729 /* jdcoefct.c in Sources */ = {isa = PBXBuildFile; fileRef = FD9C407C0E0F3417008E2729 /* jdcoefct.c */; };
		FD9C40A00E0F3417008E2729 /* jdcolor.c in Sources */ = {isa = PBXBuildFile; fileRef = FD9C407D0E0F3417008E2729 /* jdcolor.c */; };
		FD9C40A10E0F3417008E2729 /* jddctmgr.c in Sources */ = {isa = PBXBuildFile; fileRef = FD9C407E0E0F3417008E2729 /* jddctmgr.c */; };
		FD9C40A20E0F3417008E2729 /* jdhuff.c in Sources */ = {isa = PBXBuildFile; fileRef = FD9C407F0E0F3417008E2729 /* jdhuff.c */; };
		FD9C40A30E0F3417008E2729 /* jdinput.c in Sources */ = {isa = PBXBuildFile; fileRef = FD9C40800E0F3417008E2729 /* jdinput.c */; };
		FD9C40A40E0F3417008E2729 /* jdmainct.c in Sources */ = {isa = PBXBuildFile; fileRef = FD9C40810E0F3417008E2729 /* jdmainct.c */; };
		FD9C40A50E0F3417008E2729 /* jdmarker.c in Sources */ = {isa = PBXBuildFile; fileRef = FD9C40820E0F3417008E2729 /* jdmarker.c */; };
		FD9C40A60E0F3417008E2729 /* jdmaster.c in Sources */ = {isa = PBXBuildFile; fileRef = FD9C40830E0F3417008E2729 /* jdmaster.c */; };
		FD9C40A70E0F3417008E2729 /* jdpostct.c in Sources */ = {isa = PBXBuildFile; fileRef = FD9C40840E0F3417008E2729 /* jdpostct.c */; };
		FD9C40A80E0F3417008E2729 /* jdsample.c in Sources */ = {isa = PBXBuildFile; fileRef = FD9C40850E0F3417008E2729 /* jdsample.c */; };
		FD9C40A90E0F3417008E2729 /* jerror.c in Sources */ = {isa = PBXBuildFile; fileRef = FD9C40860E0F3417008E2729 /* jerror.c */; };
		FD9C40AA0E0F3417008E2729 /* jfdctflt.c in Sources */ = {isa = PBXBuildFile; fileRef = FD9C40870E0F3417008E2729 /* jfdctflt.c */; };
		FD9C40AB0E0F3417008E2729 /* jidctflt.c in Sources */ = {isa = PBXBuildFile; fileRef = FD9C40880E0F3417008E2729 /* jidctflt.c */; };
		FD9C40AC0E0F3417008E2729 /* jmemansi.c in Sources */ = {isa = PBXBuildFile; fileRef = FD9C40890E0F3417008E2729 /* jmemansi.c */; };
		FD9C40AD0E0F3417008E2729 /* jmemmgr.c in Sources */ = {isa = PBXBuildFile; fileRef = FD9C408A0E0F3417008E2729 /* jmemmgr.c */; };
		FD9C40AE0E0F3417008E2729 /* jutils.c in Sources */ = {isa = PBXBuildFile; fileRef = FD9C408B0E0F3417008E2729 /* jutils.c */; };
		FD9C40BF0E0F34AA008E2729 /* cl_cgame.c in Sources */ = {isa = PBXBuildFile; fileRef = FD9C40B00E0F34AA008E2729 /* cl_cgame.c */; };
		FD9C40C00E0F34AA008E2729 /* cl_cin.c in Sources */ = {isa = PBXBuildFile; fileRef = FD9C40B10E0F34AA008E2729 /* cl_cin.c */; };
		FD9C40C10E0F34AA008E2729 /* cl_console.c in Sources */ = {isa = PBXBuildFile; fileRef = FD9C40B20E0F34AA008E2729 /* cl_console.c */; };
		FD9C40C20E0F34AA008E2729 /* cl_input.c in Sources */ = {isa = PBXBuildFile; fileRef = FD9C40B30E0F34AA008E2729 /* cl_input.c */; };
		FD9C40C30E0F34AA008E2729 /* cl_keys.c in Sources */ = {isa = PBXBuildFile; fileRef = FD9C40B40E0F34AA008E2729 /* cl_keys.c */; };
		FD9C40C40E0F34AA008E2729 /* cl_main.c in Sources */ = {isa = PBXBuildFile; fileRef = FD9C40B50E0F34AA008E2729 /* cl_main.c */; };
		FD9C40C50E0F34AA008E2729 /* cl_net_chan.c in Sources */ = {isa = PBXBuildFile; fileRef = FD9C40B60E0F34AA008E2729 /* cl_net_chan.c */; };
		FD9C40C60E0F34AA008E2729 /* cl_parse.c in Sources */ = {isa = PBXBuildFile; fileRef = FD9C40B70E0F34AA008E2729 /* cl_parse.c */; };
		FD9C40C70E0F34AA008E2729 /* cl_scrn.c in Sources */ = {isa = PBXBuildFile; fileRef = FD9C40B80E0F34AA008E2729 /* cl_scrn.c */; };
		FD9C40C80E0F34AA008E2729 /* cl_ui.c in Sources */ = {isa = PBXBuildFile; fileRef = FD9C40B90E0F34AA008E2729 /* cl_ui.c */; };
		FD9C40C90E0F34AA008E2729 /* snd_adpcm.c in Sources */ = {isa = PBXBuildFile; fileRef = FD9C40BA0E0F34AA008E2729 /* snd_adpcm.c */; };
		FD9C40CA0E0F34AA008E2729 /* snd_dma.c in Sources */ = {isa = PBXBuildFile; fileRef = FD9C40BB0E0F34AA008E2729 /* snd_dma.c */; };
		FD9C40CB0E0F34AA008E2729 /* snd_mem.c in Sources */ = {isa = PBXBuildFile; fileRef = FD9C40BC0E0F34AA008E2729 /* snd_mem.c */; };
		FD9C40CC0E0F34AA008E2729 /* snd_mix.c in Sources */ = {isa = PBXBuildFile; fileRef = FD9C40BD0E0F34AA008E2729 /* snd_mix.c */; };
		FD9C40CD0E0F34AA008E2729 /* snd_wavelet.c in Sources */ = {isa = PBXBuildFile; fileRef = FD9C40BE0E0F34AA008E2729 /* snd_wavelet.c */; };
		FD9C40DF0E0F353A008E2729 /* cm_load.c in Sources */ = {isa = PBXBuildFile; fileRef = FD9C40CF0E0F353A008E2729 /* cm_load.c */; };
		FD9C40E00E0F353A008E2729 /* cm_patch.c in Sources */ = {isa = PBXBuildFile; fileRef = FD9C40D00E0F353A008E2729 /* cm_patch.c */; };
		FD9C40E10E0F353A008E2729 /* cm_polylib.c in Sources */ = {isa = PBXBuildFile; fileRef = FD9C40D10E0F353A008E2729 /* cm_polylib.c */; };
		FD9C40E20E0F353A008E2729 /* cm_test.c in Sources */ = {isa = PBXBuildFile; fileRef = FD9C40D20E0F353A008E2729 /* cm_test.c */; };
		FD9C40E30E0F353A008E2729 /* cm_trace.c in Sources */ = {isa = PBXBuildFile; fileRef = FD9C40D30E0F353A008E2729 /* cm_trace.c */; };
		FD9C40E40E0F353A008E2729 /* cmd.c in Sources */ = {isa = PBXBuildFile; fileRef = FD9C40D40E0F353A008E2729 /* cmd.c */; };
		FD9C40E50E0F353A008E2729 /* common.c in Sources */ = {isa = PBXBuildFile; fileRef = FD9C40D50E0F353A008E2729 /* common.c */; };
		FD9C40E60E0F353A008E2729 /* cvar.c in Sources */ = {isa = PBXBuildFile; fileRef = FD9C40D60E0F353A008E2729 /* cvar.c */; };
		FD9C40E70E0F353A008E2729 /* files.c in Sources */ = {isa = PBXBuildFile; fileRef = FD9C40D70E0F353A008E2729 /* files.c */; };
		FD9C40E80E0F353A008E2729 /* huffman.c in Sources */ = {isa = PBXBuildFile; fileRef = FD9C40D80E0F353A008E2729 /* huffman.c */; };
		FD9C40E90E0F353A008E2729 /* md4.c in Sources */ = {isa = PBXBuildFile; fileRef = FD9C40D90E0F353A008E2729 /* md4.c */; };
		FD9C40EA0E0F353A008E2729 /* msg.c in Sources */ = {isa = PBXBuildFile; fileRef = FD9C40DA0E0F353A008E2729 /* msg.c */; };
		FD9C40EB0E0F353A008E2729 /* net_chan.c in Sources */ = {isa = PBXBuildFile; fileRef = FD9C40DB0E0F353A008E2729 /* net_chan.c */; };
		FD9C40EC0E0F353A008E2729 /* unzip.c in Sources */ = {isa = PBXBuildFile; fileRef = FD9C40DC0E0F353A008E2729 /* unzip.c */; };
		FD9C40ED0E0F353A008E2729 /* vm.c in Sources */ = {isa = PBXBuildFile; fileRef = FD9C40DD0E0F353A008E2729 /* vm.c */; };
		FD9C40EE0E0F353A008E2729 /* vm_interpreted.c in Sources */ = {isa = PBXBuildFile; fileRef = FD9C40DE0E0F353A008E2729 /* vm_interpreted.c */; };
		FD9C41060E0F35A9008E2729 /* tr_animation.c in Sources */ = {isa = PBXBuildFile; fileRef = FD9C40F00E0F35A9008E2729 /* tr_animation.c */; };
		FD9C41070E0F35A9008E2729 /* tr_backend.c in Sources */ = {isa = PBXBuildFile; fileRef = FD9C40F10E0F35A9008E2729 /* tr_backend.c */; };
		FD9C41080E0F35A9008E2729 /* tr_bsp.c in Sources */ = {isa = PBXBuildFile; fileRef = FD9C40F20E0F35A9008E2729 /* tr_bsp.c */; };
		FD9C41090E0F35A9008E2729 /* tr_cmds.c in Sources */ = {isa = PBXBuildFile; fileRef = FD9C40F30E0F35A9008E2729 /* tr_cmds.c */; };
		FD9C410A0E0F35A9008E2729 /* tr_curve.c in Sources */ = {isa = PBXBuildFile; fileRef = FD9C40F40E0F35A9008E2729 /* tr_curve.c */; };
		FD9C410B0E0F35A9008E2729 /* tr_font.c in Sources */ = {isa = PBXBuildFile; fileRef = FD9C40F50E0F35A9008E2729 /* tr_font.c */; };
		FD9C410C0E0F35A9008E2729 /* tr_image.c in Sources */ = {isa = PBXBuildFile; fileRef = FD9C40F60E0F35A9008E2729 /* tr_image.c */; };
		FD9C410D0E0F35A9008E2729 /* tr_init.c in Sources */ = {isa = PBXBuildFile; fileRef = FD9C40F70E0F35A9008E2729 /* tr_init.c */; };
		FD9C410E0E0F35A9008E2729 /* tr_light.c in Sources */ = {isa = PBXBuildFile; fileRef = FD9C40F80E0F35A9008E2729 /* tr_light.c */; };
		FD9C410F0E0F35A9008E2729 /* tr_main.c in Sources */ = {isa = PBXBuildFile; fileRef = FD9C40F90E0F35A9008E2729 /* tr_main.c */; };
		FD9C41100E0F35A9008E2729 /* tr_marks.c in Sources */ = {isa = PBXBuildFile; fileRef = FD9C40FA0E0F35A9008E2729 /* tr_marks.c */; };
		FD9C41110E0F35A9008E2729 /* tr_mesh.c in Sources */ = {isa = PBXBuildFile; fileRef = FD9C40FB0E0F35A9008E2729 /* tr_mesh.c */; };
		FD9C41120E0F35A9008E2729 /* tr_model.c in Sources */ = {isa = PBXBuildFile; fileRef = FD9C40FC0E0F35A9008E2729 /* tr_model.c */; };
		FD9C41130E0F35A9008E2729 /* tr_noise.c in Sources */ = {isa = PBXBuildFile; fileRef = FD9C40FD0E0F35A9008E2729 /* tr_noise.c */; };
		FD9C41140E0F35A9008E2729 /* tr_scene.c in Sources */ = {isa = PBXBuildFile; fileRef = FD9C40FE0E0F35A9008E2729 /* tr_scene.c */; };
		FD9C41150E0F35A9008E2729 /* tr_shade.c in Sources */ = {isa = PBXBuildFile; fileRef = FD9C40FF0E0F35A9008E2729 /* tr_shade.c */; };
		FD9C41160E0F35A9008E2729 /* tr_shade_calc.c in Sources */ = {isa = PBXBuildFile; fileRef = FD9C41000E0F35A9008E2729 /* tr_shade_calc.c */; };
		FD9C41170E0F35A9008E2729 /* tr_shader.c in Sources */ = {isa = PBXBuildFile; fileRef = FD9C41010E0F35A9008E2729 /* tr_shader.c */; };
		FD9C41180E0F35A9008E2729 /* tr_shadows.c in Sources */ = {isa = PBXBuildFile; fileRef = FD9C41020E0F35A9008E2729 /* tr_shadows.c */; };
		FD9C41190E0F35A9008E2729 /* tr_sky.c in Sources */ = {isa = PBXBuildFile; fileRef = FD9C41030E0F35A9008E2729 /* tr_sky.c */; };
		FD9C411A0E0F35A9008E2729 /* tr_surface.c in Sources */ = {isa = PBXBuildFile; fileRef = FD9C41040E0F35A9008E2729 /* tr_surface.c */; };
		FD9C411B0E0F35A9008E2729 /* tr_world.c in Sources */ = {isa = PBXBuildFile; fileRef = FD9C41050E0F35A9008E2729 /* tr_world.c */; };
		FD9C411E0E0F35CF008E2729 /* null_snddma.c in Sources */ = {isa = PBXBuildFile; fileRef = FD9C411D0E0F35CF008E2729 /* null_snddma.c */; };
		FD9C41290E0F3605008E2729 /* sv_bot.c in Sources */ = {isa = PBXBuildFile; fileRef = FD9C41200E0F3605008E2729 /* sv_bot.c */; };
		FD9C412A0E0F3605008E2729 /* sv_ccmds.c in Sources */ = {isa = PBXBuildFile; fileRef = FD9C41210E0F3605008E2729 /* sv_ccmds.c */; };
		FD9C412B0E0F3605008E2729 /* sv_client.c in Sources */ = {isa = PBXBuildFile; fileRef = FD9C41220E0F3605008E2729 /* sv_client.c */; };
		FD9C412C0E0F3605008E2729 /* sv_game.c in Sources */ = {isa = PBXBuildFile; fileRef = FD9C41230E0F3605008E2729 /* sv_game.c */; };
		FD9C412D0E0F3605008E2729 /* sv_init.c in Sources */ = {isa = PBXBuildFile; fileRef = FD9C41240E0F3605008E2729 /* sv_init.c */; };
		FD9C412E0E0F3605008E2729 /* sv_main.c in Sources */ = {isa = PBXBuildFile; fileRef = FD9C41250E0F3605008E2729 /* sv_main.c */; };
		FD9C412F0E0F3605008E2729 /* sv_net_chan.c in Sources */ = {isa = PBXBuildFile; fileRef = FD9C41260E0F3605008E2729 /* sv_net_chan.c */; };
		FD9C41300E0F3605008E2729 /* sv_snapshot.c in Sources */ = {isa = PBXBuildFile; fileRef = FD9C41270E0F3605008E2729 /* sv_snapshot.c */; };
		FD9C41310E0F3605008E2729 /* sv_world.c in Sources */ = {isa = PBXBuildFile; fileRef = FD9C41280E0F3605008E2729 /* sv_world.c */; };
		FD9C41370E0F370E008E2729 /* q_math.c in Sources */ = {isa = PBXBuildFile; fileRef = FD9C41350E0F370E008E2729 /* q_math.c */; };
		FD9C41380E0F370E008E2729 /* q_shared.c in Sources */ = {isa = PBXBuildFile; fileRef = FD9C41360E0F370E008E2729 /* q_shared.c */; };
		FDB470840E0F31B40087A684 /* unix_main.c in Sources */ = {isa = PBXBuildFile; fileRef = FDB470810E0F31B40087A684 /* unix_main.c */; };
		FDB470850E0F31B40087A684 /* unix_net.c in Sources */ = {isa = PBXBuildFile; fileRef = FDB470820E0F31B40087A684 /* unix_net.c */; };
		FDB470860E0F31B40087A684 /* unix_shared.c in Sources */ = {isa = PBXBuildFile; fileRef = FDB470830E0F31B40087A684 /* unix_shared.c */; };
		FDBBE37E0E2ADFD400A186BC /* MainWindow.xib in Resources */ = {isa = PBXBuildFile; fileRef = FDBBE37D0E2ADFD400A186BC /* MainWindow.xib */; };
		FDBBE4620E2AEF4500A186BC /* QuartzCore.framework in Frameworks */ = {isa = PBXBuildFile; fileRef = FDBBE4610E2AEF4500A186BC /* QuartzCore.framework */; };
		FDD254400D80FF5200E13415 /* iphone_glimp.m in Sources */ = {isa = PBXBuildFile; fileRef = FDD254350D80FF5200E13415 /* iphone_glimp.m */; };
		FDD254410D80FF5200E13415 /* iphone_glimp_native.m in Sources */ = {isa = PBXBuildFile; fileRef = FDD254360D80FF5200E13415 /* iphone_glimp_native.m */; };
		FDD254420D80FF5200E13415 /* iphone_glsmp_null.c in Sources */ = {isa = PBXBuildFile; fileRef = FDD254370D80FF5200E13415 /* iphone_glsmp_null.c */; };
		FDD254430D80FF5200E13415 /* iphone_input.m in Sources */ = {isa = PBXBuildFile; fileRef = FDD254380D80FF5200E13415 /* iphone_input.m */; };
		FDD254440D80FF5200E13415 /* iphone_main.m in Sources */ = {isa = PBXBuildFile; fileRef = FDD2543A0D80FF5200E13415 /* iphone_main.m */; };
		FDD254450D80FF5200E13415 /* Q3Application.m in Sources */ = {isa = PBXBuildFile; fileRef = FDD2543D0D80FF5200E13415 /* Q3Application.m */; };
		FDD254460D80FF5200E13415 /* Q3ScreenView.m in Sources */ = {isa = PBXBuildFile; fileRef = FDD2543F0D80FF5200E13415 /* Q3ScreenView.m */; };
		FDD2544E0D8102C300E13415 /* OpenGLES.framework in Frameworks */ = {isa = PBXBuildFile; fileRef = FDD2544D0D8102C300E13415 /* OpenGLES.framework */; };
		FDEB198A0E293E7B00042430 /* demoq3 in Resources */ = {isa = PBXBuildFile; fileRef = FDEB19870E293E7B00042430 /* demoq3 */; };
/* End PBXBuildFile section */

/* Begin PBXFileReference section */
		1D30AB110D05D00D00671497 /* Foundation.framework */ = {isa = PBXFileReference; lastKnownFileType = wrapper.framework; name = Foundation.framework; path = System/Library/Frameworks/Foundation.framework; sourceTree = SDKROOT; };
		1D3623EB0D0F72F000981E51 /* CoreGraphics.framework */ = {isa = PBXFileReference; lastKnownFileType = wrapper.framework; name = CoreGraphics.framework; path = System/Library/Frameworks/CoreGraphics.framework; sourceTree = SDKROOT; };
		1D6058910D05DD3D006BFB54 /* Quake3.app */ = {isa = PBXFileReference; explicitFileType = wrapper.application; includeInIndex = 0; path = Quake3.app; sourceTree = BUILT_PRODUCTS_DIR; };
		1DF5F4DF0D08C38300B7A737 /* UIKit.framework */ = {isa = PBXFileReference; lastKnownFileType = wrapper.framework; name = UIKit.framework; path = System/Library/Frameworks/UIKit.framework; sourceTree = SDKROOT; };
		8D1107310486CEB800E47090 /* Info.plist */ = {isa = PBXFileReference; fileEncoding = 4; lastKnownFileType = text.plist.xml; path = Info.plist; sourceTree = "<group>"; };
		FD9C40300E0F3365008E2729 /* be_aas_bspq3.c */ = {isa = PBXFileReference; fileEncoding = 4; lastKnownFileType = sourcecode.c.c; path = be_aas_bspq3.c; sourceTree = "<group>"; };
		FD9C40310E0F3365008E2729 /* be_aas_cluster.c */ = {isa = PBXFileReference; fileEncoding = 4; lastKnownFileType = sourcecode.c.c; path = be_aas_cluster.c; sourceTree = "<group>"; };
		FD9C40320E0F3365008E2729 /* be_aas_debug.c */ = {isa = PBXFileReference; fileEncoding = 4; lastKnownFileType = sourcecode.c.c; path = be_aas_debug.c; sourceTree = "<group>"; };
		FD9C40330E0F3365008E2729 /* be_aas_entity.c */ = {isa = PBXFileReference; fileEncoding = 4; lastKnownFileType = sourcecode.c.c; path = be_aas_entity.c; sourceTree = "<group>"; };
		FD9C40340E0F3365008E2729 /* be_aas_file.c */ = {isa = PBXFileReference; fileEncoding = 4; lastKnownFileType = sourcecode.c.c; path = be_aas_file.c; sourceTree = "<group>"; };
		FD9C40350E0F3365008E2729 /* be_aas_main.c */ = {isa = PBXFileReference; fileEncoding = 4; lastKnownFileType = sourcecode.c.c; path = be_aas_main.c; sourceTree = "<group>"; };
		FD9C40360E0F3365008E2729 /* be_aas_move.c */ = {isa = PBXFileReference; fileEncoding = 4; lastKnownFileType = sourcecode.c.c; path = be_aas_move.c; sourceTree = "<group>"; };
		FD9C40370E0F3365008E2729 /* be_aas_optimize.c */ = {isa = PBXFileReference; fileEncoding = 4; lastKnownFileType = sourcecode.c.c; path = be_aas_optimize.c; sourceTree = "<group>"; };
		FD9C40380E0F3365008E2729 /* be_aas_reach.c */ = {isa = PBXFileReference; fileEncoding = 4; lastKnownFileType = sourcecode.c.c; path = be_aas_reach.c; sourceTree = "<group>"; };
		FD9C40390E0F3365008E2729 /* be_aas_route.c */ = {isa = PBXFileReference; fileEncoding = 4; lastKnownFileType = sourcecode.c.c; path = be_aas_route.c; sourceTree = "<group>"; };
		FD9C403A0E0F3365008E2729 /* be_aas_routealt.c */ = {isa = PBXFileReference; fileEncoding = 4; lastKnownFileType = sourcecode.c.c; path = be_aas_routealt.c; sourceTree = "<group>"; };
		FD9C403B0E0F3365008E2729 /* be_aas_sample.c */ = {isa = PBXFileReference; fileEncoding = 4; lastKnownFileType = sourcecode.c.c; path = be_aas_sample.c; sourceTree = "<group>"; };
		FD9C403C0E0F3365008E2729 /* be_ai_char.c */ = {isa = PBXFileReference; fileEncoding = 4; lastKnownFileType = sourcecode.c.c; path = be_ai_char.c; sourceTree = "<group>"; };
		FD9C403D0E0F3365008E2729 /* be_ai_chat.c */ = {isa = PBXFileReference; fileEncoding = 4; lastKnownFileType = sourcecode.c.c; path = be_ai_chat.c; sourceTree = "<group>"; };
		FD9C403E0E0F3365008E2729 /* be_ai_gen.c */ = {isa = PBXFileReference; fileEncoding = 4; lastKnownFileType = sourcecode.c.c; path = be_ai_gen.c; sourceTree = "<group>"; };
		FD9C403F0E0F3365008E2729 /* be_ai_goal.c */ = {isa = PBXFileReference; fileEncoding = 4; lastKnownFileType = sourcecode.c.c; path = be_ai_goal.c; sourceTree = "<group>"; };
		FD9C40400E0F3365008E2729 /* be_ai_move.c */ = {isa = PBXFileReference; fileEncoding = 4; lastKnownFileType = sourcecode.c.c; path = be_ai_move.c; sourceTree = "<group>"; };
		FD9C40410E0F3365008E2729 /* be_ai_weap.c */ = {isa = PBXFileReference; fileEncoding = 4; lastKnownFileType = sourcecode.c.c; path = be_ai_weap.c; sourceTree = "<group>"; };
		FD9C40420E0F3365008E2729 /* be_ai_weight.c */ = {isa = PBXFileReference; fileEncoding = 4; lastKnownFileType = sourcecode.c.c; path = be_ai_weight.c; sourceTree = "<group>"; };
		FD9C40430E0F3365008E2729 /* be_ea.c */ = {isa = PBXFileReference; fileEncoding = 4; lastKnownFileType = sourcecode.c.c; path = be_ea.c; sourceTree = "<group>"; };
		FD9C40440E0F3365008E2729 /* be_interface.c */ = {isa = PBXFileReference; fileEncoding = 4; lastKnownFileType = sourcecode.c.c; path = be_interface.c; sourceTree = "<group>"; };
		FD9C40450E0F3365008E2729 /* l_crc.c */ = {isa = PBXFileReference; fileEncoding = 4; lastKnownFileType = sourcecode.c.c; path = l_crc.c; sourceTree = "<group>"; };
		FD9C40460E0F3365008E2729 /* l_libvar.c */ = {isa = PBXFileReference; fileEncoding = 4; lastKnownFileType = sourcecode.c.c; path = l_libvar.c; sourceTree = "<group>"; };
		FD9C40470E0F3365008E2729 /* l_log.c */ = {isa = PBXFileReference; fileEncoding = 4; lastKnownFileType = sourcecode.c.c; path = l_log.c; sourceTree = "<group>"; };
		FD9C40480E0F3365008E2729 /* l_memory.c */ = {isa = PBXFileReference; fileEncoding = 4; lastKnownFileType = sourcecode.c.c; path = l_memory.c; sourceTree = "<group>"; };
		FD9C40490E0F3365008E2729 /* l_precomp.c */ = {isa = PBXFileReference; fileEncoding = 4; lastKnownFileType = sourcecode.c.c; path = l_precomp.c; sourceTree = "<group>"; };
		FD9C404A0E0F3365008E2729 /* l_script.c */ = {isa = PBXFileReference; fileEncoding = 4; lastKnownFileType = sourcecode.c.c; path = l_script.c; sourceTree = "<group>"; };
		FD9C404B0E0F3365008E2729 /* l_struct.c */ = {isa = PBXFileReference; fileEncoding = 4; lastKnownFileType = sourcecode.c.c; path = l_struct.c; sourceTree = "<group>"; };
		FD9C40690E0F3417008E2729 /* jcapimin.c */ = {isa = PBXFileReference; fileEncoding = 4; lastKnownFileType = sourcecode.c.c; path = jcapimin.c; sourceTree = "<group>"; };
		FD9C406A0E0F3417008E2729 /* jccoefct.c */ = {isa = PBXFileReference; fileEncoding = 4; lastKnownFileType = sourcecode.c.c; path = jccoefct.c; sourceTree = "<group>"; };
		FD9C406B0E0F3417008E2729 /* jccolor.c */ = {isa = PBXFileReference; fileEncoding = 4; lastKnownFileType = sourcecode.c.c; path = jccolor.c; sourceTree = "<group>"; };
		FD9C406C0E0F3417008E2729 /* jcdctmgr.c */ = {isa = PBXFileReference; fileEncoding = 4; lastKnownFileType = sourcecode.c.c; path = jcdctmgr.c; sourceTree = "<group>"; };
		FD9C406D0E0F3417008E2729 /* jchuff.c */ = {isa = PBXFileReference; fileEncoding = 4; lastKnownFileType = sourcecode.c.c; path = jchuff.c; sourceTree = "<group>"; };
		FD9C406E0E0F3417008E2729 /* jcinit.c */ = {isa = PBXFileReference; fileEncoding = 4; lastKnownFileType = sourcecode.c.c; path = jcinit.c; sourceTree = "<group>"; };
		FD9C406F0E0F3417008E2729 /* jcmainct.c */ = {isa = PBXFileReference; fileEncoding = 4; lastKnownFileType = sourcecode.c.c; path = jcmainct.c; sourceTree = "<group>"; };
		FD9C40700E0F3417008E2729 /* jcmarker.c */ = {isa = PBXFileReference; fileEncoding = 4; lastKnownFileType = sourcecode.c.c; path = jcmarker.c; sourceTree = "<group>"; };
		FD9C40710E0F3417008E2729 /* jcmaster.c */ = {isa = PBXFileReference; fileEncoding = 4; lastKnownFileType = sourcecode.c.c; path = jcmaster.c; sourceTree = "<group>"; };
		FD9C40720E0F3417008E2729 /* jcomapi.c */ = {isa = PBXFileReference; fileEncoding = 4; lastKnownFileType = sourcecode.c.c; path = jcomapi.c; sourceTree = "<group>"; };
		FD9C40730E0F3417008E2729 /* jcparam.c */ = {isa = PBXFileReference; fileEncoding = 4; lastKnownFileType = sourcecode.c.c; path = jcparam.c; sourceTree = "<group>"; };
		FD9C40740E0F3417008E2729 /* jcphuff.c */ = {isa = PBXFileReference; fileEncoding = 4; lastKnownFileType = sourcecode.c.c; path = jcphuff.c; sourceTree = "<group>"; };
		FD9C40750E0F3417008E2729 /* jcprepct.c */ = {isa = PBXFileReference; fileEncoding = 4; lastKnownFileType = sourcecode.c.c; path = jcprepct.c; sourceTree = "<group>"; };
		FD9C40760E0F3417008E2729 /* jcsample.c */ = {isa = PBXFileReference; fileEncoding = 4; lastKnownFileType = sourcecode.c.c; path = jcsample.c; sourceTree = "<group>"; };
		FD9C40770E0F3417008E2729 /* jctrans.c */ = {isa = PBXFileReference; fileEncoding = 4; lastKnownFileType = sourcecode.c.c; path = jctrans.c; sourceTree = "<group>"; };
		FD9C40780E0F3417008E2729 /* jdapimin.c */ = {isa = PBXFileReference; fileEncoding = 4; lastKnownFileType = sourcecode.c.c; path = jdapimin.c; sourceTree = "<group>"; };
		FD9C40790E0F3417008E2729 /* jdapistd.c */ = {isa = PBXFileReference; fileEncoding = 4; lastKnownFileType = sourcecode.c.c; path = jdapistd.c; sourceTree = "<group>"; };
		FD9C407A0E0F3417008E2729 /* jdatadst.c */ = {isa = PBXFileReference; fileEncoding = 4; lastKnownFileType = sourcecode.c.c; path = jdatadst.c; sourceTree = "<group>"; };
		FD9C407B0E0F3417008E2729 /* jdatasrc.c */ = {isa = PBXFileReference; fileEncoding = 4; lastKnownFileType = sourcecode.c.c; path = jdatasrc.c; sourceTree = "<group>"; };
		FD9C407C0E0F3417008E2729 /* jdcoefct.c */ = {isa = PBXFileReference; fileEncoding = 4; lastKnownFileType = sourcecode.c.c; path = jdcoefct.c; sourceTree = "<group>"; };
		FD9C407D0E0F3417008E2729 /* jdcolor.c */ = {isa = PBXFileReference; fileEncoding = 4; lastKnownFileType = sourcecode.c.c; path = jdcolor.c; sourceTree = "<group>"; };
		FD9C407E0E0F3417008E2729 /* jddctmgr.c */ = {isa = PBXFileReference; fileEncoding = 4; lastKnownFileType = sourcecode.c.c; path = jddctmgr.c; sourceTree = "<group>"; };
		FD9C407F0E0F3417008E2729 /* jdhuff.c */ = {isa = PBXFileReference; fileEncoding = 4; lastKnownFileType = sourcecode.c.c; path = jdhuff.c; sourceTree = "<group>"; };
		FD9C40800E0F3417008E2729 /* jdinput.c */ = {isa = PBXFileReference; fileEncoding = 4; lastKnownFileType = sourcecode.c.c; path = jdinput.c; sourceTree = "<group>"; };
		FD9C40810E0F3417008E2729 /* jdmainct.c */ = {isa = PBXFileReference; fileEncoding = 4; lastKnownFileType = sourcecode.c.c; path = jdmainct.c; sourceTree = "<group>"; };
		FD9C40820E0F3417008E2729 /* jdmarker.c */ = {isa = PBXFileReference; fileEncoding = 4; lastKnownFileType = sourcecode.c.c; path = jdmarker.c; sourceTree = "<group>"; };
		FD9C40830E0F3417008E2729 /* jdmaster.c */ = {isa = PBXFileReference; fileEncoding = 4; lastKnownFileType = sourcecode.c.c; path = jdmaster.c; sourceTree = "<group>"; };
		FD9C40840E0F3417008E2729 /* jdpostct.c */ = {isa = PBXFileReference; fileEncoding = 4; lastKnownFileType = sourcecode.c.c; path = jdpostct.c; sourceTree = "<group>"; };
		FD9C40850E0F3417008E2729 /* jdsample.c */ = {isa = PBXFileReference; fileEncoding = 4; lastKnownFileType = sourcecode.c.c; path = jdsample.c; sourceTree = "<group>"; };
		FD9C40860E0F3417008E2729 /* jerror.c */ = {isa = PBXFileReference; fileEncoding = 4; lastKnownFileType = sourcecode.c.c; path = jerror.c; sourceTree = "<group>"; };
		FD9C40870E0F3417008E2729 /* jfdctflt.c */ = {isa = PBXFileReference; fileEncoding = 4; lastKnownFileType = sourcecode.c.c; path = jfdctflt.c; sourceTree = "<group>"; };
		FD9C40880E0F3417008E2729 /* jidctflt.c */ = {isa = PBXFileReference; fileEncoding = 4; lastKnownFileType = sourcecode.c.c; path = jidctflt.c; sourceTree = "<group>"; };
		FD9C40890E0F3417008E2729 /* jmemansi.c */ = {isa = PBXFileReference; fileEncoding = 4; lastKnownFileType = sourcecode.c.c; path = jmemansi.c; sourceTree = "<group>"; };
		FD9C408A0E0F3417008E2729 /* jmemmgr.c */ = {isa = PBXFileReference; fileEncoding = 4; lastKnownFileType = sourcecode.c.c; path = jmemmgr.c; sourceTree = "<group>"; };
		FD9C408B0E0F3417008E2729 /* jutils.c */ = {isa = PBXFileReference; fileEncoding = 4; lastKnownFileType = sourcecode.c.c; path = jutils.c; sourceTree = "<group>"; };
		FD9C40B00E0F34AA008E2729 /* cl_cgame.c */ = {isa = PBXFileReference; fileEncoding = 4; lastKnownFileType = sourcecode.c.c; path = cl_cgame.c; sourceTree = "<group>"; };
		FD9C40B10E0F34AA008E2729 /* cl_cin.c */ = {isa = PBXFileReference; fileEncoding = 4; lastKnownFileType = sourcecode.c.c; path = cl_cin.c; sourceTree = "<group>"; };
		FD9C40B20E0F34AA008E2729 /* cl_console.c */ = {isa = PBXFileReference; fileEncoding = 4; lastKnownFileType = sourcecode.c.c; path = cl_console.c; sourceTree = "<group>"; };
		FD9C40B30E0F34AA008E2729 /* cl_input.c */ = {isa = PBXFileReference; fileEncoding = 4; lastKnownFileType = sourcecode.c.c; path = cl_input.c; sourceTree = "<group>"; };
		FD9C40B40E0F34AA008E2729 /* cl_keys.c */ = {isa = PBXFileReference; fileEncoding = 4; lastKnownFileType = sourcecode.c.c; path = cl_keys.c; sourceTree = "<group>"; };
		FD9C40B50E0F34AA008E2729 /* cl_main.c */ = {isa = PBXFileReference; fileEncoding = 4; lastKnownFileType = sourcecode.c.c; path = cl_main.c; sourceTree = "<group>"; };
		FD9C40B60E0F34AA008E2729 /* cl_net_chan.c */ = {isa = PBXFileReference; fileEncoding = 4; lastKnownFileType = sourcecode.c.c; path = cl_net_chan.c; sourceTree = "<group>"; };
		FD9C40B70E0F34AA008E2729 /* cl_parse.c */ = {isa = PBXFileReference; fileEncoding = 4; lastKnownFileType = sourcecode.c.c; path = cl_parse.c; sourceTree = "<group>"; };
		FD9C40B80E0F34AA008E2729 /* cl_scrn.c */ = {isa = PBXFileReference; fileEncoding = 4; lastKnownFileType = sourcecode.c.c; path = cl_scrn.c; sourceTree = "<group>"; };
		FD9C40B90E0F34AA008E2729 /* cl_ui.c */ = {isa = PBXFileReference; fileEncoding = 4; lastKnownFileType = sourcecode.c.c; path = cl_ui.c; sourceTree = "<group>"; };
		FD9C40BA0E0F34AA008E2729 /* snd_adpcm.c */ = {isa = PBXFileReference; fileEncoding = 4; lastKnownFileType = sourcecode.c.c; path = snd_adpcm.c; sourceTree = "<group>"; };
		FD9C40BB0E0F34AA008E2729 /* snd_dma.c */ = {isa = PBXFileReference; fileEncoding = 4; lastKnownFileType = sourcecode.c.c; path = snd_dma.c; sourceTree = "<group>"; };
		FD9C40BC0E0F34AA008E2729 /* snd_mem.c */ = {isa = PBXFileReference; fileEncoding = 4; lastKnownFileType = sourcecode.c.c; path = snd_mem.c; sourceTree = "<group>"; };
		FD9C40BD0E0F34AA008E2729 /* snd_mix.c */ = {isa = PBXFileReference; fileEncoding = 4; lastKnownFileType = sourcecode.c.c; path = snd_mix.c; sourceTree = "<group>"; };
		FD9C40BE0E0F34AA008E2729 /* snd_wavelet.c */ = {isa = PBXFileReference; fileEncoding = 4; lastKnownFileType = sourcecode.c.c; path = snd_wavelet.c; sourceTree = "<group>"; };
		FD9C40CF0E0F353A008E2729 /* cm_load.c */ = {isa = PBXFileReference; fileEncoding = 4; lastKnownFileType = sourcecode.c.c; path = cm_load.c; sourceTree = "<group>"; };
		FD9C40D00E0F353A008E2729 /* cm_patch.c */ = {isa = PBXFileReference; fileEncoding = 4; lastKnownFileType = sourcecode.c.c; path = cm_patch.c; sourceTree = "<group>"; };
		FD9C40D10E0F353A008E2729 /* cm_polylib.c */ = {isa = PBXFileReference; fileEncoding = 4; lastKnownFileType = sourcecode.c.c; path = cm_polylib.c; sourceTree = "<group>"; };
		FD9C40D20E0F353A008E2729 /* cm_test.c */ = {isa = PBXFileReference; fileEncoding = 4; lastKnownFileType = sourcecode.c.c; path = cm_test.c; sourceTree = "<group>"; };
		FD9C40D30E0F353A008E2729 /* cm_trace.c */ = {isa = PBXFileReference; fileEncoding = 4; lastKnownFileType = sourcecode.c.c; path = cm_trace.c; sourceTree = "<group>"; };
		FD9C40D40E0F353A008E2729 /* cmd.c */ = {isa = PBXFileReference; fileEncoding = 4; lastKnownFileType = sourcecode.c.c; path = cmd.c; sourceTree = "<group>"; };
		FD9C40D50E0F353A008E2729 /* common.c */ = {isa = PBXFileReference; fileEncoding = 4; lastKnownFileType = sourcecode.c.c; path = common.c; sourceTree = "<group>"; };
		FD9C40D60E0F353A008E2729 /* cvar.c */ = {isa = PBXFileReference; fileEncoding = 4; lastKnownFileType = sourcecode.c.c; path = cvar.c; sourceTree = "<group>"; };
		FD9C40D70E0F353A008E2729 /* files.c */ = {isa = PBXFileReference; fileEncoding = 4; lastKnownFileType = sourcecode.c.c; path = files.c; sourceTree = "<group>"; };
		FD9C40D80E0F353A008E2729 /* huffman.c */ = {isa = PBXFileReference; fileEncoding = 4; lastKnownFileType = sourcecode.c.c; path = huffman.c; sourceTree = "<group>"; };
		FD9C40D90E0F353A008E2729 /* md4.c */ = {isa = PBXFileReference; fileEncoding = 4; lastKnownFileType = sourcecode.c.c; path = md4.c; sourceTree = "<group>"; };
		FD9C40DA0E0F353A008E2729 /* msg.c */ = {isa = PBXFileReference; fileEncoding = 4; lastKnownFileType = sourcecode.c.c; path = msg.c; sourceTree = "<group>"; };
		FD9C40DB0E0F353A008E2729 /* net_chan.c */ = {isa = PBXFileReference; fileEncoding = 4; lastKnownFileType = sourcecode.c.c; path = net_chan.c; sourceTree = "<group>"; };
		FD9C40DC0E0F353A008E2729 /* unzip.c */ = {isa = PBXFileReference; fileEncoding = 4; lastKnownFileType = sourcecode.c.c; path = unzip.c; sourceTree = "<group>"; };
		FD9C40DD0E0F353A008E2729 /* vm.c */ = {isa = PBXFileReference; fileEncoding = 4; lastKnownFileType = sourcecode.c.c; path = vm.c; sourceTree = "<group>"; };
		FD9C40DE0E0F353A008E2729 /* vm_interpreted.c */ = {isa = PBXFileReference; fileEncoding = 4; lastKnownFileType = sourcecode.c.c; path = vm_interpreted.c; sourceTree = "<group>"; };
		FD9C40F00E0F35A9008E2729 /* tr_animation.c */ = {isa = PBXFileReference; fileEncoding = 4; lastKnownFileType = sourcecode.c.c; path = tr_animation.c; sourceTree = "<group>"; };
		FD9C40F10E0F35A9008E2729 /* tr_backend.c */ = {isa = PBXFileReference; fileEncoding = 4; lastKnownFileType = sourcecode.c.c; path = tr_backend.c; sourceTree = "<group>"; };
		FD9C40F20E0F35A9008E2729 /* tr_bsp.c */ = {isa = PBXFileReference; fileEncoding = 4; lastKnownFileType = sourcecode.c.c; path = tr_bsp.c; sourceTree = "<group>"; };
		FD9C40F30E0F35A9008E2729 /* tr_cmds.c */ = {isa = PBXFileReference; fileEncoding = 4; lastKnownFileType = sourcecode.c.c; path = tr_cmds.c; sourceTree = "<group>"; };
		FD9C40F40E0F35A9008E2729 /* tr_curve.c */ = {isa = PBXFileReference; fileEncoding = 4; lastKnownFileType = sourcecode.c.c; path = tr_curve.c; sourceTree = "<group>"; };
		FD9C40F50E0F35A9008E2729 /* tr_font.c */ = {isa = PBXFileReference; fileEncoding = 4; lastKnownFileType = sourcecode.c.c; path = tr_font.c; sourceTree = "<group>"; };
		FD9C40F60E0F35A9008E2729 /* tr_image.c */ = {isa = PBXFileReference; fileEncoding = 4; lastKnownFileType = sourcecode.c.c; path = tr_image.c; sourceTree = "<group>"; };
		FD9C40F70E0F35A9008E2729 /* tr_init.c */ = {isa = PBXFileReference; fileEncoding = 4; lastKnownFileType = sourcecode.c.c; path = tr_init.c; sourceTree = "<group>"; };
		FD9C40F80E0F35A9008E2729 /* tr_light.c */ = {isa = PBXFileReference; fileEncoding = 4; lastKnownFileType = sourcecode.c.c; path = tr_light.c; sourceTree = "<group>"; };
		FD9C40F90E0F35A9008E2729 /* tr_main.c */ = {isa = PBXFileReference; fileEncoding = 4; lastKnownFileType = sourcecode.c.c; path = tr_main.c; sourceTree = "<group>"; };
		FD9C40FA0E0F35A9008E2729 /* tr_marks.c */ = {isa = PBXFileReference; fileEncoding = 4; lastKnownFileType = sourcecode.c.c; path = tr_marks.c; sourceTree = "<group>"; };
		FD9C40FB0E0F35A9008E2729 /* tr_mesh.c */ = {isa = PBXFileReference; fileEncoding = 4; lastKnownFileType = sourcecode.c.c; path = tr_mesh.c; sourceTree = "<group>"; };
		FD9C40FC0E0F35A9008E2729 /* tr_model.c */ = {isa = PBXFileReference; fileEncoding = 4; lastKnownFileType = sourcecode.c.c; path = tr_model.c; sourceTree = "<group>"; };
		FD9C40FD0E0F35A9008E2729 /* tr_noise.c */ = {isa = PBXFileReference; fileEncoding = 4; lastKnownFileType = sourcecode.c.c; path = tr_noise.c; sourceTree = "<group>"; };
		FD9C40FE0E0F35A9008E2729 /* tr_scene.c */ = {isa = PBXFileReference; fileEncoding = 4; lastKnownFileType = sourcecode.c.c; path = tr_scene.c; sourceTree = "<group>"; };
		FD9C40FF0E0F35A9008E2729 /* tr_shade.c */ = {isa = PBXFileReference; fileEncoding = 4; lastKnownFileType = sourcecode.c.c; path = tr_shade.c; sourceTree = "<group>"; };
		FD9C41000E0F35A9008E2729 /* tr_shade_calc.c */ = {isa = PBXFileReference; fileEncoding = 4; lastKnownFileType = sourcecode.c.c; path = tr_shade_calc.c; sourceTree = "<group>"; };
		FD9C41010E0F35A9008E2729 /* tr_shader.c */ = {isa = PBXFileReference; fileEncoding = 4; lastKnownFileType = sourcecode.c.c; path = tr_shader.c; sourceTree = "<group>"; };
		FD9C41020E0F35A9008E2729 /* tr_shadows.c */ = {isa = PBXFileReference; fileEncoding = 4; lastKnownFileType = sourcecode.c.c; path = tr_shadows.c; sourceTree = "<group>"; };
		FD9C41030E0F35A9008E2729 /* tr_sky.c */ = {isa = PBXFileReference; fileEncoding = 4; lastKnownFileType = sourcecode.c.c; path = tr_sky.c; sourceTree = "<group>"; };
		FD9C41040E0F35A9008E2729 /* tr_surface.c */ = {isa = PBXFileReference; fileEncoding = 4; lastKnownFileType = sourcecode.c.c; path = tr_surface.c; sourceTree = "<group>"; };
		FD9C41050E0F35A9008E2729 /* tr_world.c */ = {isa = PBXFileReference; fileEncoding = 4; lastKnownFileType = sourcecode.c.c; path = tr_world.c; sourceTree = "<group>"; };
		FD9C411D0E0F35CF008E2729 /* null_snddma.c */ = {isa = PBXFileReference; fileEncoding = 4; lastKnownFileType = sourcecode.c.c; path = null_snddma.c; sourceTree = "<group>"; };
		FD9C41200E0F3605008E2729 /* sv_bot.c */ = {isa = PBXFileReference; fileEncoding = 4; lastKnownFileType = sourcecode.c.c; path = sv_bot.c; sourceTree = "<group>"; };
		FD9C41210E0F3605008E2729 /* sv_ccmds.c */ = {isa = PBXFileReference; fileEncoding = 4; lastKnownFileType = sourcecode.c.c; path = sv_ccmds.c; sourceTree = "<group>"; };
		FD9C41220E0F3605008E2729 /* sv_client.c */ = {isa = PBXFileReference; fileEncoding = 4; lastKnownFileType = sourcecode.c.c; path = sv_client.c; sourceTree = "<group>"; };
		FD9C41230E0F3605008E2729 /* sv_game.c */ = {isa = PBXFileReference; fileEncoding = 4; lastKnownFileType = sourcecode.c.c; path = sv_game.c; sourceTree = "<group>"; };
		FD9C41240E0F3605008E2729 /* sv_init.c */ = {isa = PBXFileReference; fileEncoding = 4; lastKnownFileType = sourcecode.c.c; path = sv_init.c; sourceTree = "<group>"; };
		FD9C41250E0F3605008E2729 /* sv_main.c */ = {isa = PBXFileReference; fileEncoding = 4; lastKnownFileType = sourcecode.c.c; path = sv_main.c; sourceTree = "<group>"; };
		FD9C41260E0F3605008E2729 /* sv_net_chan.c */ = {isa = PBXFileReference; fileEncoding = 4; lastKnownFileType = sourcecode.c.c; path = sv_net_chan.c; sourceTree = "<group>"; };
		FD9C41270E0F3605008E2729 /* sv_snapshot.c */ = {isa = PBXFileReference; fileEncoding = 4; lastKnownFileType = sourcecode.c.c; path = sv_snapshot.c; sourceTree = "<group>"; };
		FD9C41280E0F3605008E2729 /* sv_world.c */ = {isa = PBXFileReference; fileEncoding = 4; lastKnownFileType = sourcecode.c.c; path = sv_world.c; sourceTree = "<group>"; };
		FD9C41350E0F370E008E2729 /* q_math.c */ = {isa = PBXFileReference; fileEncoding = 4; lastKnownFileType = sourcecode.c.c; path = q_math.c; sourceTree = "<group>"; };
		FD9C41360E0F370E008E2729 /* q_shared.c */ = {isa = PBXFileReference; fileEncoding = 4; lastKnownFileType = sourcecode.c.c; path = q_shared.c; sourceTree = "<group>"; };
		FDB470810E0F31B40087A684 /* unix_main.c */ = {isa = PBXFileReference; fileEncoding = 4; indentWidth = 2; lastKnownFileType = sourcecode.c.c; lineEnding = 2; path = unix_main.c; sourceTree = "<group>"; tabWidth = 2; usesTabs = 0; };
		FDB470820E0F31B40087A684 /* unix_net.c */ = {isa = PBXFileReference; fileEncoding = 4; lastKnownFileType = sourcecode.c.c; path = unix_net.c; sourceTree = "<group>"; };
		FDB470830E0F31B40087A684 /* unix_shared.c */ = {isa = PBXFileReference; fileEncoding = 4; lastKnownFileType = sourcecode.c.c; path = unix_shared.c; sourceTree = "<group>"; };
		FDBBE37D0E2ADFD400A186BC /* MainWindow.xib */ = {isa = PBXFileReference; lastKnownFileType = file.xib; path = MainWindow.xib; sourceTree = "<group>"; };
		FDBBE4610E2AEF4500A186BC /* QuartzCore.framework */ = {isa = PBXFileReference; lastKnownFileType = wrapper.framework; name = QuartzCore.framework; path = /System/Library/Frameworks/QuartzCore.framework; sourceTree = "<absolute>"; };
		FDD254340D80FF5200E13415 /* iphone_glimp.h */ = {isa = PBXFileReference; fileEncoding = 4; lastKnownFileType = sourcecode.c.h; path = iphone_glimp.h; sourceTree = "<group>"; };
		FDD254350D80FF5200E13415 /* iphone_glimp.m */ = {isa = PBXFileReference; fileEncoding = 4; lastKnownFileType = sourcecode.c.objc; path = iphone_glimp.m; sourceTree = "<group>"; };
		FDD254360D80FF5200E13415 /* iphone_glimp_native.m */ = {isa = PBXFileReference; fileEncoding = 4; lastKnownFileType = sourcecode.c.objc; path = iphone_glimp_native.m; sourceTree = "<group>"; };
		FDD254370D80FF5200E13415 /* iphone_glsmp_null.c */ = {isa = PBXFileReference; fileEncoding = 4; lastKnownFileType = sourcecode.c.c; path = iphone_glsmp_null.c; sourceTree = "<group>"; };
		FDD254380D80FF5200E13415 /* iphone_input.m */ = {isa = PBXFileReference; fileEncoding = 4; lastKnownFileType = sourcecode.c.objc; path = iphone_input.m; sourceTree = "<group>"; };
		FDD254390D80FF5200E13415 /* iphone_local.h */ = {isa = PBXFileReference; fileEncoding = 4; lastKnownFileType = sourcecode.c.h; path = iphone_local.h; sourceTree = "<group>"; };
		FDD2543A0D80FF5200E13415 /* iphone_main.m */ = {isa = PBXFileReference; fileEncoding = 4; lastKnownFileType = sourcecode.c.objc; path = iphone_main.m; sourceTree = "<group>"; };
		FDD2543B0D80FF5200E13415 /* iphone_qgl.h */ = {isa = PBXFileReference; fileEncoding = 4; lastKnownFileType = sourcecode.c.h; path = iphone_qgl.h; sourceTree = "<group>"; };
		FDD2543C0D80FF5200E13415 /* Q3Application.h */ = {isa = PBXFileReference; fileEncoding = 4; lastKnownFileType = sourcecode.c.h; path = Q3Application.h; sourceTree = "<group>"; };
		FDD2543D0D80FF5200E13415 /* Q3Application.m */ = {isa = PBXFileReference; fileEncoding = 4; lastKnownFileType = sourcecode.c.objc; path = Q3Application.m; sourceTree = "<group>"; };
		FDD2543E0D80FF5200E13415 /* Q3ScreenView.h */ = {isa = PBXFileReference; fileEncoding = 4; lastKnownFileType = sourcecode.c.h; path = Q3ScreenView.h; sourceTree = "<group>"; };
		FDD2543F0D80FF5200E13415 /* Q3ScreenView.m */ = {isa = PBXFileReference; fileEncoding = 4; lastKnownFileType = sourcecode.c.objc; path = Q3ScreenView.m; sourceTree = "<group>"; };
		FDD2544D0D8102C300E13415 /* OpenGLES.framework */ = {isa = PBXFileReference; lastKnownFileType = wrapper.framework; name = OpenGLES.framework; path = System/Library/Frameworks/OpenGLES.framework; sourceTree = SDKROOT; };
		FDEB19870E293E7B00042430 /* demoq3 */ = {isa = PBXFileReference; lastKnownFileType = folder; name = demoq3; path = "/Volumes/Windows HD/Q3Ademo/demoq3"; sourceTree = "<absolute>"; };
/* End PBXFileReference section */

/* Begin PBXFrameworksBuildPhase section */
		1D60588F0D05DD3D006BFB54 /* Frameworks */ = {
			isa = PBXFrameworksBuildPhase;
			buildActionMask = 2147483647;
			files = (
				1D60589F0D05DD5A006BFB54 /* Foundation.framework in Frameworks */,
				1DF5F4E00D08C38300B7A737 /* UIKit.framework in Frameworks */,
				1D3623EC0D0F72F000981E51 /* CoreGraphics.framework in Frameworks */,
				FDD2544E0D8102C300E13415 /* OpenGLES.framework in Frameworks */,
				FDBBE4620E2AEF4500A186BC /* QuartzCore.framework in Frameworks */,
			);
			runOnlyForDeploymentPostprocessing = 0;
		};
/* End PBXFrameworksBuildPhase section */

/* Begin PBXGroup section */
		080E96DDFE201D6D7F000001 /* Sources */ = {
			isa = PBXGroup;
			children = (
				FD9C41340E0F36B6008E2729 /* game */,
				FD9C402D0E0F32EB008E2729 /* botlib */,
				FD9C40680E0F3370008E2729 /* jpeg-6 */,
				FD9C40AF0E0F3428008E2729 /* client */,
				FD9C40CE0E0F34BD008E2729 /* qcommon */,
				FD9C40EF0E0F354B008E2729 /* renderer */,
				FD9C411C0E0F35BB008E2729 /* null */,
				FD9C411F0E0F35D8008E2729 /* server */,
				FDB4707A0E0F316E0087A684 /* unix */,
				FDD2542D0D80FE5300E13415 /* iphone */,
			);
			name = Sources;
			path = ..;
			sourceTree = "<group>";
		};
		1058C7A0FEA54F0111CA2CBB /* Linked Frameworks */ = {
			isa = PBXGroup;
			children = (
				FDBBE4610E2AEF4500A186BC /* QuartzCore.framework */,
				FDD2544D0D8102C300E13415 /* OpenGLES.framework */,
				1D3623EB0D0F72F000981E51 /* CoreGraphics.framework */,
				1DF5F4DF0D08C38300B7A737 /* UIKit.framework */,
				1D30AB110D05D00D00671497 /* Foundation.framework */,
			);
			name = "Linked Frameworks";
			sourceTree = "<group>";
		};
		1058C7A2FEA54F0111CA2CBB /* Other Frameworks */ = {
			isa = PBXGroup;
			children = (
			);
			name = "Other Frameworks";
			sourceTree = "<group>";
		};
		19C28FACFE9D520D11CA2CBB /* Products */ = {
			isa = PBXGroup;
			children = (
				1D6058910D05DD3D006BFB54 /* Quake3.app */,
			);
			name = Products;
			sourceTree = "<group>";
		};
		29B97314FDCFA39411CA2CEA /* CustomTemplate */ = {
			isa = PBXGroup;
			children = (
				080E96DDFE201D6D7F000001 /* Sources */,
				29B97317FDCFA39411CA2CEA /* Resources */,
				29B97323FDCFA39411CA2CEA /* Frameworks */,
				19C28FACFE9D520D11CA2CBB /* Products */,
			);
			name = CustomTemplate;
			sourceTree = "<group>";
		};
		29B97317FDCFA39411CA2CEA /* Resources */ = {
			isa = PBXGroup;
			children = (
				FDEB19870E293E7B00042430 /* demoq3 */,
				8D1107310486CEB800E47090 /* Info.plist */,
				FDBBE37D0E2ADFD400A186BC /* MainWindow.xib */,
			);
			name = Resources;
			sourceTree = "<group>";
		};
		29B97323FDCFA39411CA2CEA /* Frameworks */ = {
			isa = PBXGroup;
			children = (
				1058C7A0FEA54F0111CA2CBB /* Linked Frameworks */,
				1058C7A2FEA54F0111CA2CBB /* Other Frameworks */,
			);
			name = Frameworks;
			sourceTree = "<group>";
		};
		FD9C402D0E0F32EB008E2729 /* botlib */ = {
			isa = PBXGroup;
			children = (
				FD9C40300E0F3365008E2729 /* be_aas_bspq3.c */,
				FD9C40310E0F3365008E2729 /* be_aas_cluster.c */,
				FD9C40320E0F3365008E2729 /* be_aas_debug.c */,
				FD9C40330E0F3365008E2729 /* be_aas_entity.c */,
				FD9C40340E0F3365008E2729 /* be_aas_file.c */,
				FD9C40350E0F3365008E2729 /* be_aas_main.c */,
				FD9C40360E0F3365008E2729 /* be_aas_move.c */,
				FD9C40370E0F3365008E2729 /* be_aas_optimize.c */,
				FD9C40380E0F3365008E2729 /* be_aas_reach.c */,
				FD9C40390E0F3365008E2729 /* be_aas_route.c */,
				FD9C403A0E0F3365008E2729 /* be_aas_routealt.c */,
				FD9C403B0E0F3365008E2729 /* be_aas_sample.c */,
				FD9C403C0E0F3365008E2729 /* be_ai_char.c */,
				FD9C403D0E0F3365008E2729 /* be_ai_chat.c */,
				FD9C403E0E0F3365008E2729 /* be_ai_gen.c */,
				FD9C403F0E0F3365008E2729 /* be_ai_goal.c */,
				FD9C40400E0F3365008E2729 /* be_ai_move.c */,
				FD9C40410E0F3365008E2729 /* be_ai_weap.c */,
				FD9C40420E0F3365008E2729 /* be_ai_weight.c */,
				FD9C40430E0F3365008E2729 /* be_ea.c */,
				FD9C40440E0F3365008E2729 /* be_interface.c */,
				FD9C40450E0F3365008E2729 /* l_crc.c */,
				FD9C40460E0F3365008E2729 /* l_libvar.c */,
				FD9C40470E0F3365008E2729 /* l_log.c */,
				FD9C40480E0F3365008E2729 /* l_memory.c */,
				FD9C40490E0F3365008E2729 /* l_precomp.c */,
				FD9C404A0E0F3365008E2729 /* l_script.c */,
				FD9C404B0E0F3365008E2729 /* l_struct.c */,
			);
			path = botlib;
			sourceTree = "<group>";
		};
		FD9C40680E0F3370008E2729 /* jpeg-6 */ = {
			isa = PBXGroup;
			children = (
				FD9C40690E0F3417008E2729 /* jcapimin.c */,
				FD9C406A0E0F3417008E2729 /* jccoefct.c */,
				FD9C406B0E0F3417008E2729 /* jccolor.c */,
				FD9C406C0E0F3417008E2729 /* jcdctmgr.c */,
				FD9C406D0E0F3417008E2729 /* jchuff.c */,
				FD9C406E0E0F3417008E2729 /* jcinit.c */,
				FD9C406F0E0F3417008E2729 /* jcmainct.c */,
				FD9C40700E0F3417008E2729 /* jcmarker.c */,
				FD9C40710E0F3417008E2729 /* jcmaster.c */,
				FD9C40720E0F3417008E2729 /* jcomapi.c */,
				FD9C40730E0F3417008E2729 /* jcparam.c */,
				FD9C40740E0F3417008E2729 /* jcphuff.c */,
				FD9C40750E0F3417008E2729 /* jcprepct.c */,
				FD9C40760E0F3417008E2729 /* jcsample.c */,
				FD9C40770E0F3417008E2729 /* jctrans.c */,
				FD9C40780E0F3417008E2729 /* jdapimin.c */,
				FD9C40790E0F3417008E2729 /* jdapistd.c */,
				FD9C407A0E0F3417008E2729 /* jdatadst.c */,
				FD9C407B0E0F3417008E2729 /* jdatasrc.c */,
				FD9C407C0E0F3417008E2729 /* jdcoefct.c */,
				FD9C407D0E0F3417008E2729 /* jdcolor.c */,
				FD9C407E0E0F3417008E2729 /* jddctmgr.c */,
				FD9C407F0E0F3417008E2729 /* jdhuff.c */,
				FD9C40800E0F3417008E2729 /* jdinput.c */,
				FD9C40810E0F3417008E2729 /* jdmainct.c */,
				FD9C40820E0F3417008E2729 /* jdmarker.c */,
				FD9C40830E0F3417008E2729 /* jdmaster.c */,
				FD9C40840E0F3417008E2729 /* jdpostct.c */,
				FD9C40850E0F3417008E2729 /* jdsample.c */,
				FD9C40860E0F3417008E2729 /* jerror.c */,
				FD9C40870E0F3417008E2729 /* jfdctflt.c */,
				FD9C40880E0F3417008E2729 /* jidctflt.c */,
				FD9C40890E0F3417008E2729 /* jmemansi.c */,
				FD9C408A0E0F3417008E2729 /* jmemmgr.c */,
				FD9C408B0E0F3417008E2729 /* jutils.c */,
			);
			path = "jpeg-6";
			sourceTree = "<group>";
		};
		FD9C40AF0E0F3428008E2729 /* client */ = {
			isa = PBXGroup;
			children = (
				FD9C40B00E0F34AA008E2729 /* cl_cgame.c */,
				FD9C40B10E0F34AA008E2729 /* cl_cin.c */,
				FD9C40B20E0F34AA008E2729 /* cl_console.c */,
				FD9C40B30E0F34AA008E2729 /* cl_input.c */,
				FD9C40B40E0F34AA008E2729 /* cl_keys.c */,
				FD9C40B50E0F34AA008E2729 /* cl_main.c */,
				FD9C40B60E0F34AA008E2729 /* cl_net_chan.c */,
				FD9C40B70E0F34AA008E2729 /* cl_parse.c */,
				FD9C40B80E0F34AA008E2729 /* cl_scrn.c */,
				FD9C40B90E0F34AA008E2729 /* cl_ui.c */,
				FD9C40BA0E0F34AA008E2729 /* snd_adpcm.c */,
				FD9C40BB0E0F34AA008E2729 /* snd_dma.c */,
				FD9C40BC0E0F34AA008E2729 /* snd_mem.c */,
				FD9C40BD0E0F34AA008E2729 /* snd_mix.c */,
				FD9C40BE0E0F34AA008E2729 /* snd_wavelet.c */,
			);
			path = client;
			sourceTree = "<group>";
		};
		FD9C40CE0E0F34BD008E2729 /* qcommon */ = {
			isa = PBXGroup;
			children = (
				FD9C40CF0E0F353A008E2729 /* cm_load.c */,
				FD9C40D00E0F353A008E2729 /* cm_patch.c */,
				FD9C40D10E0F353A008E2729 /* cm_polylib.c */,
				FD9C40D20E0F353A008E2729 /* cm_test.c */,
				FD9C40D30E0F353A008E2729 /* cm_trace.c */,
				FD9C40D40E0F353A008E2729 /* cmd.c */,
				FD9C40D50E0F353A008E2729 /* common.c */,
				FD9C40D60E0F353A008E2729 /* cvar.c */,
				FD9C40D70E0F353A008E2729 /* files.c */,
				FD9C40D80E0F353A008E2729 /* huffman.c */,
				FD9C40D90E0F353A008E2729 /* md4.c */,
				FD9C40DA0E0F353A008E2729 /* msg.c */,
				FD9C40DB0E0F353A008E2729 /* net_chan.c */,
				FD9C40DC0E0F353A008E2729 /* unzip.c */,
				FD9C40DD0E0F353A008E2729 /* vm.c */,
				FD9C40DE0E0F353A008E2729 /* vm_interpreted.c */,
			);
			path = qcommon;
			sourceTree = "<group>";
		};
		FD9C40EF0E0F354B008E2729 /* renderer */ = {
			isa = PBXGroup;
			children = (
				FD9C40F00E0F35A9008E2729 /* tr_animation.c */,
				FD9C40F10E0F35A9008E2729 /* tr_backend.c */,
				FD9C40F20E0F35A9008E2729 /* tr_bsp.c */,
				FD9C40F30E0F35A9008E2729 /* tr_cmds.c */,
				FD9C40F40E0F35A9008E2729 /* tr_curve.c */,
				FD9C40F50E0F35A9008E2729 /* tr_font.c */,
				FD9C40F60E0F35A9008E2729 /* tr_image.c */,
				FD9C40F70E0F35A9008E2729 /* tr_init.c */,
				FD9C40F80E0F35A9008E2729 /* tr_light.c */,
				FD9C40F90E0F35A9008E2729 /* tr_main.c */,
				FD9C40FA0E0F35A9008E2729 /* tr_marks.c */,
				FD9C40FB0E0F35A9008E2729 /* tr_mesh.c */,
				FD9C40FC0E0F35A9008E2729 /* tr_model.c */,
				FD9C40FD0E0F35A9008E2729 /* tr_noise.c */,
				FD9C40FE0E0F35A9008E2729 /* tr_scene.c */,
				FD9C40FF0E0F35A9008E2729 /* tr_shade.c */,
				FD9C41000E0F35A9008E2729 /* tr_shade_calc.c */,
				FD9C41010E0F35A9008E2729 /* tr_shader.c */,
				FD9C41020E0F35A9008E2729 /* tr_shadows.c */,
				FD9C41030E0F35A9008E2729 /* tr_sky.c */,
				FD9C41040E0F35A9008E2729 /* tr_surface.c */,
				FD9C41050E0F35A9008E2729 /* tr_world.c */,
			);
			path = renderer;
			sourceTree = "<group>";
		};
		FD9C411C0E0F35BB008E2729 /* null */ = {
			isa = PBXGroup;
			children = (
				FD9C411D0E0F35CF008E2729 /* null_snddma.c */,
			);
			path = null;
			sourceTree = "<group>";
		};
		FD9C411F0E0F35D8008E2729 /* server */ = {
			isa = PBXGroup;
			children = (
				FD9C41200E0F3605008E2729 /* sv_bot.c */,
				FD9C41210E0F3605008E2729 /* sv_ccmds.c */,
				FD9C41220E0F3605008E2729 /* sv_client.c */,
				FD9C41230E0F3605008E2729 /* sv_game.c */,
				FD9C41240E0F3605008E2729 /* sv_init.c */,
				FD9C41250E0F3605008E2729 /* sv_main.c */,
				FD9C41260E0F3605008E2729 /* sv_net_chan.c */,
				FD9C41270E0F3605008E2729 /* sv_snapshot.c */,
				FD9C41280E0F3605008E2729 /* sv_world.c */,
			);
			path = server;
			sourceTree = "<group>";
		};
		FD9C41340E0F36B6008E2729 /* game */ = {
			isa = PBXGroup;
			children = (
				FD9C41350E0F370E008E2729 /* q_math.c */,
				FD9C41360E0F370E008E2729 /* q_shared.c */,
			);
			path = game;
			sourceTree = "<group>";
		};
		FDB4707A0E0F316E0087A684 /* unix */ = {
			isa = PBXGroup;
			children = (
				FDB470810E0F31B40087A684 /* unix_main.c */,
				FDB470820E0F31B40087A684 /* unix_net.c */,
				FDB470830E0F31B40087A684 /* unix_shared.c */,
			);
			path = unix;
			sourceTree = "<group>";
		};
		FDD2542D0D80FE5300E13415 /* iphone */ = {
			isa = PBXGroup;
			children = (
				FDD254340D80FF5200E13415 /* iphone_glimp.h */,
				FDD254350D80FF5200E13415 /* iphone_glimp.m */,
				FDD254360D80FF5200E13415 /* iphone_glimp_native.m */,
				FDD254370D80FF5200E13415 /* iphone_glsmp_null.c */,
				FDD254380D80FF5200E13415 /* iphone_input.m */,
				FDD254390D80FF5200E13415 /* iphone_local.h */,
				FDD2543A0D80FF5200E13415 /* iphone_main.m */,
				FDD2543B0D80FF5200E13415 /* iphone_qgl.h */,
				FDD2543C0D80FF5200E13415 /* Q3Application.h */,
				FDD2543D0D80FF5200E13415 /* Q3Application.m */,
				FDD2543E0D80FF5200E13415 /* Q3ScreenView.h */,
				FDD2543F0D80FF5200E13415 /* Q3ScreenView.m */,
			);
			path = iphone;
			sourceTree = "<group>";
		};
/* End PBXGroup section */

/* Begin PBXNativeTarget section */
		1D6058900D05DD3D006BFB54 /* Quake3 */ = {
			isa = PBXNativeTarget;
			buildConfigurationList = 1D6058960D05DD3E006BFB54 /* Build configuration list for PBXNativeTarget "Quake3" */;
			buildPhases = (
				1D60588D0D05DD3D006BFB54 /* Resources */,
				1D60588E0D05DD3D006BFB54 /* Sources */,
				1D60588F0D05DD3D006BFB54 /* Frameworks */,
			);
			buildRules = (
			);
			dependencies = (
			);
			name = Quake3;
			productName = Quake3;
			productReference = 1D6058910D05DD3D006BFB54 /* Quake3.app */;
			productType = "com.apple.product-type.application";
		};
/* End PBXNativeTarget section */

/* Begin PBXProject section */
		29B97313FDCFA39411CA2CEA /* Project object */ = {
			isa = PBXProject;
			buildConfigurationList = C01FCF4E08A954540054247B /* Build configuration list for PBXProject "Quake3" */;
			compatibilityVersion = "Xcode 3.1";
			hasScannedForEncodings = 1;
			mainGroup = 29B97314FDCFA39411CA2CEA /* CustomTemplate */;
			projectDirPath = "";
			projectRoot = ../..;
			targets = (
				1D6058900D05DD3D006BFB54 /* Quake3 */,
			);
		};
/* End PBXProject section */

/* Begin PBXResourcesBuildPhase section */
		1D60588D0D05DD3D006BFB54 /* Resources */ = {
			isa = PBXResourcesBuildPhase;
			buildActionMask = 2147483647;
			files = (
				FDEB198A0E293E7B00042430 /* demoq3 in Resources */,
				FDBBE37E0E2ADFD400A186BC /* MainWindow.xib in Resources */,
			);
			runOnlyForDeploymentPostprocessing = 0;
		};
/* End PBXResourcesBuildPhase section */

/* Begin PBXSourcesBuildPhase section */
		1D60588E0D05DD3D006BFB54 /* Sources */ = {
			isa = PBXSourcesBuildPhase;
			buildActionMask = 2147483647;
			files = (
				FDD254400D80FF5200E13415 /* iphone_glimp.m in Sources */,
				FDD254410D80FF5200E13415 /* iphone_glimp_native.m in Sources */,
				FDD254420D80FF5200E13415 /* iphone_glsmp_null.c in Sources */,
				FDD254430D80FF5200E13415 /* iphone_input.m in Sources */,
				FDD254440D80FF5200E13415 /* iphone_main.m in Sources */,
				FDD254450D80FF5200E13415 /* Q3Application.m in Sources */,
				FDD254460D80FF5200E13415 /* Q3ScreenView.m in Sources */,
				FDB470840E0F31B40087A684 /* unix_main.c in Sources */,
				FDB470850E0F31B40087A684 /* unix_net.c in Sources */,
				FDB470860E0F31B40087A684 /* unix_shared.c in Sources */,
				FD9C404C0E0F3365008E2729 /* be_aas_bspq3.c in Sources */,
				FD9C404D0E0F3365008E2729 /* be_aas_cluster.c in Sources */,
				FD9C404E0E0F3365008E2729 /* be_aas_debug.c in Sources */,
				FD9C404F0E0F3365008E2729 /* be_aas_entity.c in Sources */,
				FD9C40500E0F3365008E2729 /* be_aas_file.c in Sources */,
				FD9C40510E0F3365008E2729 /* be_aas_main.c in Sources */,
				FD9C40520E0F3365008E2729 /* be_aas_move.c in Sources */,
				FD9C40530E0F3365008E2729 /* be_aas_optimize.c in Sources */,
				FD9C40540E0F3365008E2729 /* be_aas_reach.c in Sources */,
				FD9C40550E0F3365008E2729 /* be_aas_route.c in Sources */,
				FD9C40560E0F3365008E2729 /* be_aas_routealt.c in Sources */,
				FD9C40570E0F3365008E2729 /* be_aas_sample.c in Sources */,
				FD9C40580E0F3365008E2729 /* be_ai_char.c in Sources */,
				FD9C40590E0F3365008E2729 /* be_ai_chat.c in Sources */,
				FD9C405A0E0F3365008E2729 /* be_ai_gen.c in Sources */,
				FD9C405B0E0F3365008E2729 /* be_ai_goal.c in Sources */,
				FD9C405C0E0F3365008E2729 /* be_ai_move.c in Sources */,
				FD9C405D0E0F3365008E2729 /* be_ai_weap.c in Sources */,
				FD9C405E0E0F3365008E2729 /* be_ai_weight.c in Sources */,
				FD9C405F0E0F3365008E2729 /* be_ea.c in Sources */,
				FD9C40600E0F3365008E2729 /* be_interface.c in Sources */,
				FD9C40610E0F3365008E2729 /* l_crc.c in Sources */,
				FD9C40620E0F3365008E2729 /* l_libvar.c in Sources */,
				FD9C40630E0F3365008E2729 /* l_log.c in Sources */,
				FD9C40640E0F3365008E2729 /* l_memory.c in Sources */,
				FD9C40650E0F3365008E2729 /* l_precomp.c in Sources */,
				FD9C40660E0F3365008E2729 /* l_script.c in Sources */,
				FD9C40670E0F3365008E2729 /* l_struct.c in Sources */,
				FD9C408C0E0F3417008E2729 /* jcapimin.c in Sources */,
				FD9C408D0E0F3417008E2729 /* jccoefct.c in Sources */,
				FD9C408E0E0F3417008E2729 /* jccolor.c in Sources */,
				FD9C408F0E0F3417008E2729 /* jcdctmgr.c in Sources */,
				FD9C40900E0F3417008E2729 /* jchuff.c in Sources */,
				FD9C40910E0F3417008E2729 /* jcinit.c in Sources */,
				FD9C40920E0F3417008E2729 /* jcmainct.c in Sources */,
				FD9C40930E0F3417008E2729 /* jcmarker.c in Sources */,
				FD9C40940E0F3417008E2729 /* jcmaster.c in Sources */,
				FD9C40950E0F3417008E2729 /* jcomapi.c in Sources */,
				FD9C40960E0F3417008E2729 /* jcparam.c in Sources */,
				FD9C40970E0F3417008E2729 /* jcphuff.c in Sources */,
				FD9C40980E0F3417008E2729 /* jcprepct.c in Sources */,
				FD9C40990E0F3417008E2729 /* jcsample.c in Sources */,
				FD9C409A0E0F3417008E2729 /* jctrans.c in Sources */,
				FD9C409B0E0F3417008E2729 /* jdapimin.c in Sources */,
				FD9C409C0E0F3417008E2729 /* jdapistd.c in Sources */,
				FD9C409D0E0F3417008E2729 /* jdatadst.c in Sources */,
				FD9C409E0E0F3417008E2729 /* jdatasrc.c in Sources */,
				FD9C409F0E0F3417008E2729 /* jdcoefct.c in Sources */,
				FD9C40A00E0F3417008E2729 /* jdcolor.c in Sources */,
				FD9C40A10E0F3417008E2729 /* jddctmgr.c in Sources */,
				FD9C40A20E0F3417008E2729 /* jdhuff.c in Sources */,
				FD9C40A30E0F3417008E2729 /* jdinput.c in Sources */,
				FD9C40A40E0F3417008E2729 /* jdmainct.c in Sources */,
				FD9C40A50E0F3417008E2729 /* jdmarker.c in Sources */,
				FD9C40A60E0F3417008E2729 /* jdmaster.c in Sources */,
				FD9C40A70E0F3417008E2729 /* jdpostct.c in Sources */,
				FD9C40A80E0F3417008E2729 /* jdsample.c in Sources */,
				FD9C40A90E0F3417008E2729 /* jerror.c in Sources */,
				FD9C40AA0E0F3417008E2729 /* jfdctflt.c in Sources */,
				FD9C40AB0E0F3417008E2729 /* jidctflt.c in Sources */,
				FD9C40AC0E0F3417008E2729 /* jmemansi.c in Sources */,
				FD9C40AD0E0F3417008E2729 /* jmemmgr.c in Sources */,
				FD9C40AE0E0F3417008E2729 /* jutils.c in Sources */,
				FD9C40BF0E0F34AA008E2729 /* cl_cgame.c in Sources */,
				FD9C40C00E0F34AA008E2729 /* cl_cin.c in Sources */,
				FD9C40C10E0F34AA008E2729 /* cl_console.c in Sources */,
				FD9C40C20E0F34AA008E2729 /* cl_input.c in Sources */,
				FD9C40C30E0F34AA008E2729 /* cl_keys.c in Sources */,
				FD9C40C40E0F34AA008E2729 /* cl_main.c in Sources */,
				FD9C40C50E0F34AA008E2729 /* cl_net_chan.c in Sources */,
				FD9C40C60E0F34AA008E2729 /* cl_parse.c in Sources */,
				FD9C40C70E0F34AA008E2729 /* cl_scrn.c in Sources */,
				FD9C40C80E0F34AA008E2729 /* cl_ui.c in Sources */,
				FD9C40C90E0F34AA008E2729 /* snd_adpcm.c in Sources */,
				FD9C40CA0E0F34AA008E2729 /* snd_dma.c in Sources */,
				FD9C40CB0E0F34AA008E2729 /* snd_mem.c in Sources */,
				FD9C40CC0E0F34AA008E2729 /* snd_mix.c in Sources */,
				FD9C40CD0E0F34AA008E2729 /* snd_wavelet.c in Sources */,
				FD9C40DF0E0F353A008E2729 /* cm_load.c in Sources */,
				FD9C40E00E0F353A008E2729 /* cm_patch.c in Sources */,
				FD9C40E10E0F353A008E2729 /* cm_polylib.c in Sources */,
				FD9C40E20E0F353A008E2729 /* cm_test.c in Sources */,
				FD9C40E30E0F353A008E2729 /* cm_trace.c in Sources */,
				FD9C40E40E0F353A008E2729 /* cmd.c in Sources */,
				FD9C40E50E0F353A008E2729 /* common.c in Sources */,
				FD9C40E60E0F353A008E2729 /* cvar.c in Sources */,
				FD9C40E70E0F353A008E2729 /* files.c in Sources */,
				FD9C40E80E0F353A008E2729 /* huffman.c in Sources */,
				FD9C40E90E0F353A008E2729 /* md4.c in Sources */,
				FD9C40EA0E0F353A008E2729 /* msg.c in Sources */,
				FD9C40EB0E0F353A008E2729 /* net_chan.c in Sources */,
				FD9C40EC0E0F353A008E2729 /* unzip.c in Sources */,
				FD9C40ED0E0F353A008E2729 /* vm.c in Sources */,
				FD9C40EE0E0F353A008E2729 /* vm_interpreted.c in Sources */,
				FD9C41060E0F35A9008E2729 /* tr_animation.c in Sources */,
				FD9C41070E0F35A9008E2729 /* tr_backend.c in Sources */,
				FD9C41080E0F35A9008E2729 /* tr_bsp.c in Sources */,
				FD9C41090E0F35A9008E2729 /* tr_cmds.c in Sources */,
				FD9C410A0E0F35A9008E2729 /* tr_curve.c in Sources */,
				FD9C410B0E0F35A9008E2729 /* tr_font.c in Sources */,
				FD9C410C0E0F35A9008E2729 /* tr_image.c in Sources */,
				FD9C410D0E0F35A9008E2729 /* tr_init.c in Sources */,
				FD9C410E0E0F35A9008E2729 /* tr_light.c in Sources */,
				FD9C410F0E0F35A9008E2729 /* tr_main.c in Sources */,
				FD9C41100E0F35A9008E2729 /* tr_marks.c in Sources */,
				FD9C41110E0F35A9008E2729 /* tr_mesh.c in Sources */,
				FD9C41120E0F35A9008E2729 /* tr_model.c in Sources */,
				FD9C41130E0F35A9008E2729 /* tr_noise.c in Sources */,
				FD9C41140E0F35A9008E2729 /* tr_scene.c in Sources */,
				FD9C41150E0F35A9008E2729 /* tr_shade.c in Sources */,
				FD9C41160E0F35A9008E2729 /* tr_shade_calc.c in Sources */,
				FD9C41170E0F35A9008E2729 /* tr_shader.c in Sources */,
				FD9C41180E0F35A9008E2729 /* tr_shadows.c in Sources */,
				FD9C41190E0F35A9008E2729 /* tr_sky.c in Sources */,
				FD9C411A0E0F35A9008E2729 /* tr_surface.c in Sources */,
				FD9C411B0E0F35A9008E2729 /* tr_world.c in Sources */,
				FD9C411E0E0F35CF008E2729 /* null_snddma.c in Sources */,
				FD9C41290E0F3605008E2729 /* sv_bot.c in Sources */,
				FD9C412A0E0F3605008E2729 /* sv_ccmds.c in Sources */,
				FD9C412B0E0F3605008E2729 /* sv_client.c in Sources */,
				FD9C412C0E0F3605008E2729 /* sv_game.c in Sources */,
				FD9C412D0E0F3605008E2729 /* sv_init.c in Sources */,
				FD9C412E0E0F3605008E2729 /* sv_main.c in Sources */,
				FD9C412F0E0F3605008E2729 /* sv_net_chan.c in Sources */,
				FD9C41300E0F3605008E2729 /* sv_snapshot.c in Sources */,
				FD9C41310E0F3605008E2729 /* sv_world.c in Sources */,
				FD9C41370E0F370E008E2729 /* q_math.c in Sources */,
				FD9C41380E0F370E008E2729 /* q_shared.c in Sources */,
			);
			runOnlyForDeploymentPostprocessing = 0;
		};
/* End PBXSourcesBuildPhase section */

/* Begin XCBuildConfiguration section */
		1D6058940D05DD3E006BFB54 /* Debug */ = {
			isa = XCBuildConfiguration;
			buildSettings = {
				ALWAYS_SEARCH_USER_PATHS = NO;
				COPY_PHASE_STRIP = NO;
				GCC_DYNAMIC_NO_PIC = NO;
				GCC_ENABLE_FIX_AND_CONTINUE = NO;
				GCC_OPTIMIZATION_LEVEL = 0;
				INFOPLIST_FILE = Info.plist;
				LIBRARY_SEARCH_PATHS = (
					"$(inherited)",
					"\"$(SRCROOT)/../../../quake3/code/iphone/demoq3\"",
				);
				PREBINDING = NO;
				PRODUCT_NAME = Quake3;
			};
			name = Debug;
		};
		1D6058950D05DD3E006BFB54 /* Release */ = {
			isa = XCBuildConfiguration;
			buildSettings = {
				ALWAYS_SEARCH_USER_PATHS = NO;
				COPY_PHASE_STRIP = YES;
				GCC_ENABLE_FIX_AND_CONTINUE = NO;
				INFOPLIST_FILE = Info.plist;
				LIBRARY_SEARCH_PATHS = (
					"$(inherited)",
					"\"$(SRCROOT)/../../../quake3/code/iphone/demoq3\"",
				);
				PREBINDING = NO;
				PRODUCT_NAME = Quake3;
			};
			name = Release;
		};
		C01FCF4F08A954540054247B /* Debug */ = {
			isa = XCBuildConfiguration;
			buildSettings = {
				ARCHS = "$(ARCHS_STANDARD_32_BIT)";
				"CODE_SIGN_IDENTITY[sdk=iphoneos*]" = "iPhone Developer";
				GCC_C_LANGUAGE_STANDARD = gnu99;
				GCC_PREPROCESSOR_DEFINITIONS = (
					MACOS_X,
					IPHONE,
					BOTLIB,
					DLL_ONLY,
					C_ONLY,
					"SHLIB_SUFFIX=\\\"dylib\\\"",
				);
				GCC_VERSION = 4.0;
				GCC_WARN_ABOUT_RETURN_TYPE = YES;
				GCC_WARN_UNUSED_VARIABLE = YES;
				ONLY_ACTIVE_ARCH = YES;
				PREBINDING = NO;
				SDKROOT = iphonesimulator2.0;
			};
			name = Debug;
		};
		C01FCF5008A954540054247B /* Release */ = {
			isa = XCBuildConfiguration;
			buildSettings = {
				ARCHS = "$(ARCHS_STANDARD_32_BIT)";
				"CODE_SIGN_IDENTITY[sdk=iphoneos*]" = "iPhone Developer";
				GCC_C_LANGUAGE_STANDARD = gnu99;
				GCC_PREPROCESSOR_DEFINITIONS = (
					MACOS_X,
					IPHONE,
					BOTLIB,
					DLL_ONLY,
					C_ONLY,
					"SHLIB_SUFFIX=\\\"dylib\\\"",
					NDEBUG,
				);
				GCC_WARN_ABOUT_RETURN_TYPE = YES;
				GCC_WARN_UNUSED_VARIABLE = YES;
				PREBINDING = NO;
				SDKROOT = iphonesimulator2.0;
			};
			name = Release;
		};
/* End XCBuildConfiguration section */

/* Begin XCConfigurationList section */
		1D6058960D05DD3E006BFB54 /* Build configuration list for PBXNativeTarget "Quake3" */ = {
			isa = XCConfigurationList;
			buildConfigurations = (
				1D6058940D05DD3E006BFB54 /* Debug */,
				1D6058950D05DD3E006BFB54 /* Release */,
			);
			defaultConfigurationIsVisible = 0;
			defaultConfigurationName = Release;
		};
		C01FCF4E08A954540054247B /* Build configuration list for PBXProject "Quake3" */ = {
			isa = XCConfigurationList;
			buildConfigurations = (
				C01FCF4F08A954540054247B /* Debug */,
				C01FCF5008A954540054247B /* Release */,
			);
			defaultConfigurationIsVisible = 0;
			defaultConfigurationName = Release;
		};
/* End XCConfigurationList section */
	};
	rootObject = 29B97313FDCFA39411CA2CEA /* Project object */;
}
